// !$*UTF8*$!
{
	archiveVersion = 1;
	classes = {
	};
	objectVersion = 46;
	objects = {

/* Begin PBXBuildFile section */
		F4F43A991B217D460028E3C5 /* main.m in Sources */ = {isa = PBXBuildFile; fileRef = F4F43A981B217D460028E3C5 /* main.m */; };
		F4F43A9C1B217D460028E3C5 /* AppDelegate.m in Sources */ = {isa = PBXBuildFile; fileRef = F4F43A9B1B217D460028E3C5 /* AppDelegate.m */; };
		F4F43A9F1B217D460028E3C5 /* ViewController.m in Sources */ = {isa = PBXBuildFile; fileRef = F4F43A9E1B217D460028E3C5 /* ViewController.m */; };
		F4F43AA21B217D460028E3C5 /* Main.storyboard in Resources */ = {isa = PBXBuildFile; fileRef = F4F43AA01B217D460028E3C5 /* Main.storyboard */; };
		F4F43AA41B217D460028E3C5 /* Images.xcassets in Resources */ = {isa = PBXBuildFile; fileRef = F4F43AA31B217D460028E3C5 /* Images.xcassets */; };
		F4F43AA71B217D460028E3C5 /* LaunchScreen.xib in Resources */ = {isa = PBXBuildFile; fileRef = F4F43AA51B217D460028E3C5 /* LaunchScreen.xib */; };
		F4F43AB31B217D460028E3C5 /* HelloMyBrowserTests.m in Sources */ = {isa = PBXBuildFile; fileRef = F4F43AB21B217D460028E3C5 /* HelloMyBrowserTests.m */; };
/* End PBXBuildFile section */

/* Begin PBXContainerItemProxy section */
		F4F43AAD1B217D460028E3C5 /* PBXContainerItemProxy */ = {
			isa = PBXContainerItemProxy;
			containerPortal = F4F43A8B1B217D460028E3C5 /* Project object */;
			proxyType = 1;
			remoteGlobalIDString = F4F43A921B217D460028E3C5;
			remoteInfo = HelloMyBrowser;
		};
/* End PBXContainerItemProxy section */

/* Begin PBXFileReference section */
		F4F43A931B217D460028E3C5 /* HelloMyBrowser.app */ = {isa = PBXFileReference; explicitFileType = wrapper.application; includeInIndex = 0; path = HelloMyBrowser.app; sourceTree = BUILT_PRODUCTS_DIR; };
		F4F43A971B217D460028E3C5 /* Info.plist */ = {isa = PBXFileReference; lastKnownFileType = text.plist.xml; path = Info.plist; sourceTree = "<group>"; };
		F4F43A981B217D460028E3C5 /* main.m */ = {isa = PBXFileReference; lastKnownFileType = sourcecode.c.objc; path = main.m; sourceTree = "<group>"; };
		F4F43A9A1B217D460028E3C5 /* AppDelegate.h */ = {isa = PBXFileReference; lastKnownFileType = sourcecode.c.h; path = AppDelegate.h; sourceTree = "<group>"; };
		F4F43A9B1B217D460028E3C5 /* AppDelegate.m */ = {isa = PBXFileReference; lastKnownFileType = sourcecode.c.objc; path = AppDelegate.m; sourceTree = "<group>"; };
		F4F43A9D1B217D460028E3C5 /* ViewController.h */ = {isa = PBXFileReference; lastKnownFileType = sourcecode.c.h; path = ViewController.h; sourceTree = "<group>"; };
		F4F43A9E1B217D460028E3C5 /* ViewController.m */ = {isa = PBXFileReference; lastKnownFileType = sourcecode.c.objc; path = ViewController.m; sourceTree = "<group>"; };
		F4F43AA11B217D460028E3C5 /* Base */ = {isa = PBXFileReference; lastKnownFileType = file.storyboard; name = Base; path = Base.lproj/Main.storyboard; sourceTree = "<group>"; };
		F4F43AA31B217D460028E3C5 /* Images.xcassets */ = {isa = PBXFileReference; lastKnownFileType = folder.assetcatalog; path = Images.xcassets; sourceTree = "<group>"; };
		F4F43AA61B217D460028E3C5 /* Base */ = {isa = PBXFileReference; lastKnownFileType = file.xib; name = Base; path = Base.lproj/LaunchScreen.xib; sourceTree = "<group>"; };
		F4F43AAC1B217D460028E3C5 /* HelloMyBrowserTests.xctest */ = {isa = PBXFileReference; explicitFileType = wrapper.cfbundle; includeInIndex = 0; path = HelloMyBrowserTests.xctest; sourceTree = BUILT_PRODUCTS_DIR; };
		F4F43AB11B217D460028E3C5 /* Info.plist */ = {isa = PBXFileReference; lastKnownFileType = text.plist.xml; path = Info.plist; sourceTree = "<group>"; };
		F4F43AB21B217D460028E3C5 /* HelloMyBrowserTests.m */ = {isa = PBXFileReference; lastKnownFileType = sourcecode.c.objc; path = HelloMyBrowserTests.m; sourceTree = "<group>"; };
/* End PBXFileReference section */

/* Begin PBXFrameworksBuildPhase section */
		F4F43A901B217D460028E3C5 /* Frameworks */ = {
			isa = PBXFrameworksBuildPhase;
			buildActionMask = 2147483647;
			files = (
			);
			runOnlyForDeploymentPostprocessing = 0;
		};
		F4F43AA91B217D460028E3C5 /* Frameworks */ = {
			isa = PBXFrameworksBuildPhase;
			buildActionMask = 2147483647;
			files = (
			);
			runOnlyForDeploymentPostprocessing = 0;
		};
/* End PBXFrameworksBuildPhase section */

/* Begin PBXGroup section */
		F4F43A8A1B217D460028E3C5 = {
			isa = PBXGroup;
			children = (
				F4F43A951B217D460028E3C5 /* HelloMyBrowser */,
				F4F43AAF1B217D460028E3C5 /* HelloMyBrowserTests */,
				F4F43A941B217D460028E3C5 /* Products */,
			);
			sourceTree = "<group>";
		};
		F4F43A941B217D460028E3C5 /* Products */ = {
			isa = PBXGroup;
			children = (
				F4F43A931B217D460028E3C5 /* HelloMyBrowser.app */,
				F4F43AAC1B217D460028E3C5 /* HelloMyBrowserTests.xctest */,
			);
			name = Products;
			sourceTree = "<group>";
		};
		F4F43A951B217D460028E3C5 /* HelloMyBrowser */ = {
			isa = PBXGroup;
			children = (
				F4F43A9A1B217D460028E3C5 /* AppDelegate.h */,
				F4F43A9B1B217D460028E3C5 /* AppDelegate.m */,
				F4F43A9D1B217D460028E3C5 /* ViewController.h */,
				F4F43A9E1B217D460028E3C5 /* ViewController.m */,
				F4F43AA01B217D460028E3C5 /* Main.storyboard */,
				F4F43AA31B217D460028E3C5 /* Images.xcassets */,
				F4F43AA51B217D460028E3C5 /* LaunchScreen.xib */,
				F4F43A961B217D460028E3C5 /* Supporting Files */,
			);
			path = HelloMyBrowser;
			sourceTree = "<group>";
		};
		F4F43A961B217D460028E3C5 /* Supporting Files */ = {
			isa = PBXGroup;
			children = (
				F4F43A971B217D460028E3C5 /* Info.plist */,
				F4F43A981B217D460028E3C5 /* main.m */,
			);
			name = "Supporting Files";
			sourceTree = "<group>";
		};
		F4F43AAF1B217D460028E3C5 /* HelloMyBrowserTests */ = {
			isa = PBXGroup;
			children = (
				F4F43AB21B217D460028E3C5 /* HelloMyBrowserTests.m */,
				F4F43AB01B217D460028E3C5 /* Supporting Files */,
			);
			path = HelloMyBrowserTests;
			sourceTree = "<group>";
		};
		F4F43AB01B217D460028E3C5 /* Supporting Files */ = {
			isa = PBXGroup;
			children = (
				F4F43AB11B217D460028E3C5 /* Info.plist */,
			);
			name = "Supporting Files";
			sourceTree = "<group>";
		};
/* End PBXGroup section */

/* Begin PBXNativeTarget section */
		F4F43A921B217D460028E3C5 /* HelloMyBrowser */ = {
			isa = PBXNativeTarget;
			buildConfigurationList = F4F43AB61B217D460028E3C5 /* Build configuration list for PBXNativeTarget "HelloMyBrowser" */;
			buildPhases = (
				F4F43A8F1B217D460028E3C5 /* Sources */,
				F4F43A901B217D460028E3C5 /* Frameworks */,
				F4F43A911B217D460028E3C5 /* Resources */,
			);
			buildRules = (
			);
			dependencies = (
			);
			name = HelloMyBrowser;
			productName = HelloMyBrowser;
			productReference = F4F43A931B217D460028E3C5 /* HelloMyBrowser.app */;
			productType = "com.apple.product-type.application";
		};
		F4F43AAB1B217D460028E3C5 /* HelloMyBrowserTests */ = {
			isa = PBXNativeTarget;
			buildConfigurationList = F4F43AB91B217D460028E3C5 /* Build configuration list for PBXNativeTarget "HelloMyBrowserTests" */;
			buildPhases = (
				F4F43AA81B217D460028E3C5 /* Sources */,
				F4F43AA91B217D460028E3C5 /* Frameworks */,
				F4F43AAA1B217D460028E3C5 /* Resources */,
			);
			buildRules = (
			);
			dependencies = (
				F4F43AAE1B217D460028E3C5 /* PBXTargetDependency */,
			);
			name = HelloMyBrowserTests;
			productName = HelloMyBrowserTests;
			productReference = F4F43AAC1B217D460028E3C5 /* HelloMyBrowserTests.xctest */;
			productType = "com.apple.product-type.bundle.unit-test";
		};
/* End PBXNativeTarget section */

/* Begin PBXProject section */
		F4F43A8B1B217D460028E3C5 /* Project object */ = {
			isa = PBXProject;
			attributes = {
				LastUpgradeCheck = 0630;
				ORGANIZATIONNAME = Jesse;
				TargetAttributes = {
					F4F43A921B217D460028E3C5 = {
						CreatedOnToolsVersion = 6.3.2;
					};
					F4F43AAB1B217D460028E3C5 = {
						CreatedOnToolsVersion = 6.3.2;
						TestTargetID = F4F43A921B217D460028E3C5;
					};
				};
			};
			buildConfigurationList = F4F43A8E1B217D460028E3C5 /* Build configuration list for PBXProject "HelloMyBrowser" */;
			compatibilityVersion = "Xcode 3.2";
			developmentRegion = English;
			hasScannedForEncodings = 0;
			knownRegions = (
				en,
				Base,
			);
			mainGroup = F4F43A8A1B217D460028E3C5;
			productRefGroup = F4F43A941B217D460028E3C5 /* Products */;
			projectDirPath = "";
			projectRoot = "";
			targets = (
				F4F43A921B217D460028E3C5 /* HelloMyBrowser */,
				F4F43AAB1B217D460028E3C5 /* HelloMyBrowserTests */,
			);
		};
/* End PBXProject section */

/* Begin PBXResourcesBuildPhase section */
		F4F43A911B217D460028E3C5 /* Resources */ = {
			isa = PBXResourcesBuildPhase;
			buildActionMask = 2147483647;
			files = (
				F4F43AA21B217D460028E3C5 /* Main.storyboard in Resources */,
				F4F43AA71B217D460028E3C5 /* LaunchScreen.xib in Resources */,
				F4F43AA41B217D460028E3C5 /* Images.xcassets in Resources */,
			);
			runOnlyForDeploymentPostprocessing = 0;
		};
		F4F43AAA1B217D460028E3C5 /* Resources */ = {
			isa = PBXResourcesBuildPhase;
			buildActionMask = 2147483647;
			files = (
			);
			runOnlyForDeploymentPostprocessing = 0;
		};
/* End PBXResourcesBuildPhase section */

/* Begin PBXSourcesBuildPhase section */
		F4F43A8F1B217D460028E3C5 /* Sources */ = {
			isa = PBXSourcesBuildPhase;
			buildActionMask = 2147483647;
			files = (
				F4F43A9F1B217D460028E3C5 /* ViewController.m in Sources */,
				F4F43A9C1B217D460028E3C5 /* AppDelegate.m in Sources */,
				F4F43A991B217D460028E3C5 /* main.m in Sources */,
			);
			runOnlyForDeploymentPostprocessing = 0;
		};
		F4F43AA81B217D460028E3C5 /* Sources */ = {
			isa = PBXSourcesBuildPhase;
			buildActionMask = 2147483647;
			files = (
				F4F43AB31B217D460028E3C5 /* HelloMyBrowserTests.m in Sources */,
			);
			runOnlyForDeploymentPostprocessing = 0;
		};
/* End PBXSourcesBuildPhase section */

/* Begin PBXTargetDependency section */
		F4F43AAE1B217D460028E3C5 /* PBXTargetDependency */ = {
			isa = PBXTargetDependency;
			target = F4F43A921B217D460028E3C5 /* HelloMyBrowser */;
			targetProxy = F4F43AAD1B217D460028E3C5 /* PBXContainerItemProxy */;
		};
/* End PBXTargetDependency section */

/* Begin PBXVariantGroup section */
		F4F43AA01B217D460028E3C5 /* Main.storyboard */ = {
			isa = PBXVariantGroup;
			children = (
				F4F43AA11B217D460028E3C5 /* Base */,
			);
			name = Main.storyboard;
			sourceTree = "<group>";
		};
		F4F43AA51B217D460028E3C5 /* LaunchScreen.xib */ = {
			isa = PBXVariantGroup;
			children = (
				F4F43AA61B217D460028E3C5 /* Base */,
			);
			name = LaunchScreen.xib;
			sourceTree = "<group>";
		};
/* End PBXVariantGroup section */

/* Begin XCBuildConfiguration section */
		F4F43AB41B217D460028E3C5 /* Debug */ = {
			isa = XCBuildConfiguration;
			buildSettings = {
				ALWAYS_SEARCH_USER_PATHS = NO;
				CLANG_CXX_LANGUAGE_STANDARD = "gnu++0x";
				CLANG_CXX_LIBRARY = "libc++";
				CLANG_ENABLE_MODULES = YES;
				CLANG_ENABLE_OBJC_ARC = YES;
				CLANG_WARN_BOOL_CONVERSION = YES;
				CLANG_WARN_CONSTANT_CONVERSION = YES;
				CLANG_WARN_DIRECT_OBJC_ISA_USAGE = YES_ERROR;
				CLANG_WARN_EMPTY_BODY = YES;
				CLANG_WARN_ENUM_CONVERSION = YES;
				CLANG_WARN_INT_CONVERSION = YES;
				CLANG_WARN_OBJC_ROOT_CLASS = YES_ERROR;
				CLANG_WARN_UNREACHABLE_CODE = YES;
				CLANG_WARN__DUPLICATE_METHOD_MATCH = YES;
				"CODE_SIGN_IDENTITY[sdk=iphoneos*]" = "iPhone Developer";
				COPY_PHASE_STRIP = NO;
				DEBUG_INFORMATION_FORMAT = "dwarf-with-dsym";
				ENABLE_STRICT_OBJC_MSGSEND = YES;
				GCC_C_LANGUAGE_STANDARD = gnu99;
				GCC_DYNAMIC_NO_PIC = NO;
				GCC_NO_COMMON_BLOCKS = YES;
				GCC_OPTIMIZATION_LEVEL = 0;
				GCC_PREPROCESSOR_DEFINITIONS = (
					"DEBUG=1",
					"$(inherited)",
				);
				GCC_SYMBOLS_PRIVATE_EXTERN = NO;
				GCC_WARN_64_TO_32_BIT_CONVERSION = YES;
				GCC_WARN_ABOUT_RETURN_TYPE = YES_ERROR;
				GCC_WARN_UNDECLARED_SELECTOR = YES;
				GCC_WARN_UNINITIALIZED_AUTOS = YES_AGGRESSIVE;
				GCC_WARN_UNUSED_FUNCTION = YES;
				GCC_WARN_UNUSED_VARIABLE = YES;
				IPHONEOS_DEPLOYMENT_TARGET = 8.3;
				MTL_ENABLE_DEBUG_INFO = YES;
				ONLY_ACTIVE_ARCH = YES;
				SDKROOT = iphoneos;
				TARGETED_DEVICE_FAMILY = "1,2";
			};
			name = Debug;
		};
		F4F43AB51B217D460028E3C5 /* Release */ = {
			isa = XCBuildConfiguration;
			buildSettings = {
				ALWAYS_SEARCH_USER_PATHS = NO;
				CLANG_CXX_LANGUAGE_STANDARD = "gnu++0x";
				CLANG_CXX_LIBRARY = "libc++";
				CLANG_ENABLE_MODULES = YES;
				CLANG_ENABLE_OBJC_ARC = YES;
				CLANG_WARN_BOOL_CONVERSION = YES;
				CLANG_WARN_CONSTANT_CONVERSION = YES;
				CLANG_WARN_DIRECT_OBJC_ISA_USAGE = YES_ERROR;
				CLANG_WARN_EMPTY_BODY = YES;
				CLANG_WARN_ENUM_CONVERSION = YES;
				CLANG_WARN_INT_CONVERSION = YES;
				CLANG_WARN_OBJC_ROOT_CLASS = YES_ERROR;
				CLANG_WARN_UNREACHABLE_CODE = YES;
				CLANG_WARN__DUPLICATE_METHOD_MATCH = YES;
				"CODE_SIGN_IDENTITY[sdk=iphoneos*]" = "iPhone Developer";
				COPY_PHASE_STRIP = NO;
				DEBUG_INFORMATION_FORMAT = "dwarf-with-dsym";
				ENABLE_NS_ASSERTIONS = NO;
				ENABLE_STRICT_OBJC_MSGSEND = YES;
				GCC_C_LANGUAGE_STANDARD = gnu99;
				GCC_NO_COMMON_BLOCKS = YES;
				GCC_WARN_64_TO_32_BIT_CONVERSION = YES;
				GCC_WARN_ABOUT_RETURN_TYPE = YES_ERROR;
				GCC_WARN_UNDECLARED_SELECTOR = YES;
				GCC_WARN_UNINITIALIZED_AUTOS = YES_AGGRESSIVE;
				GCC_WARN_UNUSED_FUNCTION = YES;
				GCC_WARN_UNUSED_VARIABLE = YES;
				IPHONEOS_DEPLOYMENT_TARGET = 8.3;
				MTL_ENABLE_DEBUG_INFO = NO;
				SDKROOT = iphoneos;
				TARGETED_DEVICE_FAMILY = "1,2";
				VALIDATE_PRODUCT = YES;
			};
			name = Release;
		};
		F4F43AB71B217D460028E3C5 /* Debug */ = {
			isa = XCBuildConfiguration;
			buildSettings = {
				ASSETCATALOG_COMPILER_APPICON_NAME = AppIcon;
				INFOPLIST_FILE = HelloMyBrowser/Info.plist;
				LD_RUNPATH_SEARCH_PATHS = "$(inherited) @executable_path/Frameworks";
				PRODUCT_NAME = "$(TARGET_NAME)";
			};
			name = Debug;
		};
		F4F43AB81B217D460028E3C5 /* Release */ = {
			isa = XCBuildConfiguration;
			buildSettings = {
				ASSETCATALOG_COMPILER_APPICON_NAME = AppIcon;
				INFOPLIST_FILE = HelloMyBrowser/Info.plist;
				LD_RUNPATH_SEARCH_PATHS = "$(inherited) @executable_path/Frameworks";
				PRODUCT_NAME = "$(TARGET_NAME)";
			};
			name = Release;
		};
		F4F43ABA1B217D460028E3C5 /* Debug */ = {
			isa = XCBuildConfiguration;
			buildSettings = {
				BUNDLE_LOADER = "$(TEST_HOST)";
				FRAMEWORK_SEARCH_PATHS = (
					"$(SDKROOT)/Developer/Library/Frameworks",
					"$(inherited)",
				);
				GCC_PREPROCESSOR_DEFINITIONS = (
					"DEBUG=1",
					"$(inherited)",
				);
				INFOPLIST_FILE = HelloMyBrowserTests/Info.plist;
				LD_RUNPATH_SEARCH_PATHS = "$(inherited) @executable_path/Frameworks @loader_path/Frameworks";
				PRODUCT_NAME = "$(TARGET_NAME)";
				TEST_HOST = "$(BUILT_PRODUCTS_DIR)/HelloMyBrowser.app/HelloMyBrowser";
			};
			name = Debug;
		};
		F4F43ABB1B217D460028E3C5 /* Release */ = {
			isa = XCBuildConfiguration;
			buildSettings = {
				BUNDLE_LOADER = "$(TEST_HOST)";
				FRAMEWORK_SEARCH_PATHS = (
					"$(SDKROOT)/Developer/Library/Frameworks",
					"$(inherited)",
				);
				INFOPLIST_FILE = HelloMyBrowserTests/Info.plist;
				LD_RUNPATH_SEARCH_PATHS = "$(inherited) @executable_path/Frameworks @loader_path/Frameworks";
				PRODUCT_NAME = "$(TARGET_NAME)";
				TEST_HOST = "$(BUILT_PRODUCTS_DIR)/HelloMyBrowser.app/HelloMyBrowser";
			};
			name = Release;
		};
/* End XCBuildConfiguration section */

/* Begin XCConfigurationList section */
		F4F43A8E1B217D460028E3C5 /* Build configuration list for PBXProject "HelloMyBrowser" */ = {
			isa = XCConfigurationList;
			buildConfigurations = (
				F4F43AB41B217D460028E3C5 /* Debug */,
				F4F43AB51B217D460028E3C5 /* Release */,
			);
			defaultConfigurationIsVisible = 0;
			defaultConfigurationName = Release;
		};
		F4F43AB61B217D460028E3C5 /* Build configuration list for PBXNativeTarget "HelloMyBrowser" */ = {
			isa = XCConfigurationList;
			buildConfigurations = (
				F4F43AB71B217D460028E3C5 /* Debug */,
				F4F43AB81B217D460028E3C5 /* Release */,
			);
			defaultConfigurationIsVisible = 0;
		};
		F4F43AB91B217D460028E3C5 /* Build configuration list for PBXNativeTarget "HelloMyBrowserTests" */ = {
			isa = XCConfigurationList;
			buildConfigurations = (
				F4F43ABA1B217D460028E3C5 /* Debug */,
				F4F43ABB1B217D460028E3C5 /* Release */,
			);
			defaultConfigurationIsVisible = 0;
		};
/* End XCConfigurationList section */
	};
	rootObject = F4F43A8B1B217D460028E3C5 /* Project object */;
}
